
Microsoft Visual Studio Solution File, Format Version 12.00
# Visual Studio Version 17
VisualStudioVersion = 17.14.36414.22 d17.14
MinimumVisualStudioVersion = 10.0.40219.1
Project("{FAE04EC0-301F-11D3-BF4B-00C04F79EFBC}") = "Theater_mdk", "Theater_mdk\Theater_mdk.csproj", "{A3E61A4A-E23B-4FA1-A57E-1CF12F406620}"
EndProject
Global
	GlobalSection(SolutionConfigurationPlatforms) = preSolution
		Debug|Any CPU = Debug|Any CPU
		Release|Any CPU = Release|Any CPU
	EndGlobalSection
	GlobalSection(ProjectConfigurationPlatforms) = postSolution
		{A3E61A4A-E23B-4FA1-A57E-1CF12F406620}.Debug|Any CPU.ActiveCfg = Debug|Any CPU
		{A3E61A4A-E23B-4FA1-A57E-1CF12F406620}.Debug|Any CPU.Build.0 = Debug|Any CPU
		{A3E61A4A-E23B-4FA1-A57E-1CF12F406620}.Release|Any CPU.ActiveCfg = Release|Any CPU
		{A3E61A4A-E23B-4FA1-A57E-1CF12F406620}.Release|Any CPU.Build.0 = Release|Any CPU
	EndGlobalSection
	GlobalSection(SolutionProperties) = preSolution
		HideSolutionNode = FALSE
	EndGlobalSection
	GlobalSection(ExtensibilityGlobals) = postSolution
		SolutionGuid = {88069247-013F-4C1D-B2A6-29F3292078BA}
	EndGlobalSection
EndGlobal
